
Microsoft Visual Studio Solution File, Format Version 12.00
# Visual Studio 15
VisualStudioVersion = 15.0.28307.1000
MinimumVisualStudioVersion = 10.0.40219.1
Project("{FAE04EC0-301F-11D3-BF4B-00C04F79EFBC}") = "内存管理", "内存管理\内存管理.csproj", "{BDFC3F2C-18E1-443A-988B-FDBD668B8864}"
EndProject
Global
	GlobalSection(SolutionConfigurationPlatforms) = preSolution
		Debug|Any CPU = Debug|Any CPU
		Release|Any CPU = Release|Any CPU
	EndGlobalSection
	GlobalSection(ProjectConfigurationPlatforms) = postSolution
		{BDFC3F2C-18E1-443A-988B-FDBD668B8864}.Debug|Any CPU.ActiveCfg = Debug|Any CPU
		{BDFC3F2C-18E1-443A-988B-FDBD668B8864}.Debug|Any CPU.Build.0 = Debug|Any CPU
		{BDFC3F2C-18E1-443A-988B-FDBD668B8864}.Release|Any CPU.ActiveCfg = Release|Any CPU
		{BDFC3F2C-18E1-443A-988B-FDBD668B8864}.Release|Any CPU.Build.0 = Release|Any CPU
	EndGlobalSection
	GlobalSection(SolutionProperties) = preSolution
		HideSolutionNode = FALSE
	EndGlobalSection
	GlobalSection(ExtensibilityGlobals) = postSolution
		SolutionGuid = {1C8CEAF0-C95F-4EE1-B65E-B89636D20964}
	EndGlobalSection
EndGlobal
